
Microsoft Visual Studio Solution File, Format Version 12.00
# Visual Studio Version 17
VisualStudioVersion = 17.7.33711.374
MinimumVisualStudioVersion = 10.0.40219.1
Project("{9A19103F-16F7-4668-BE54-9A1E7A4F7556}") = "XafImportApiWithTest.Module", "XafImportApiWithTest.Module\XafImportApiWithTest.Module.csproj", "{59BA5AA8-EAC8-4E2D-99B0-7176BC58C642}"
EndProject
Project("{9A19103F-16F7-4668-BE54-9A1E7A4F7556}") = "XafImportApiWithTest.Win", "XafImportApiWithTest.Win\XafImportApiWithTest.Win.csproj", "{5FEF8816-EE63-4DC7-88FA-3515190DECDC}"
EndProject
Global
	GlobalSection(SolutionConfigurationPlatforms) = preSolution
		Debug|Any CPU = Debug|Any CPU
		EasyTest|Any CPU = EasyTest|Any CPU
		Release|Any CPU = Release|Any CPU
	EndGlobalSection
	GlobalSection(ProjectConfigurationPlatforms) = postSolution
		{59BA5AA8-EAC8-4E2D-99B0-7176BC58C642}.Debug|Any CPU.ActiveCfg = Debug|Any CPU
		{59BA5AA8-EAC8-4E2D-99B0-7176BC58C642}.Debug|Any CPU.Build.0 = Debug|Any CPU
		{59BA5AA8-EAC8-4E2D-99B0-7176BC58C642}.EasyTest|Any CPU.ActiveCfg = EasyTest|Any CPU
		{59BA5AA8-EAC8-4E2D-99B0-7176BC58C642}.EasyTest|Any CPU.Build.0 = EasyTest|Any CPU
		{59BA5AA8-EAC8-4E2D-99B0-7176BC58C642}.Release|Any CPU.ActiveCfg = Release|Any CPU
		{59BA5AA8-EAC8-4E2D-99B0-7176BC58C642}.Release|Any CPU.Build.0 = Release|Any CPU
		{5FEF8816-EE63-4DC7-88FA-3515190DECDC}.Debug|Any CPU.ActiveCfg = Debug|Any CPU
		{5FEF8816-EE63-4DC7-88FA-3515190DECDC}.Debug|Any CPU.Build.0 = Debug|Any CPU
		{5FEF8816-EE63-4DC7-88FA-3515190DECDC}.EasyTest|Any CPU.ActiveCfg = EasyTest|Any CPU
		{5FEF8816-EE63-4DC7-88FA-3515190DECDC}.EasyTest|Any CPU.Build.0 = EasyTest|Any CPU
		{5FEF8816-EE63-4DC7-88FA-3515190DECDC}.Release|Any CPU.ActiveCfg = Release|Any CPU
		{5FEF8816-EE63-4DC7-88FA-3515190DECDC}.Release|Any CPU.Build.0 = Release|Any CPU
	EndGlobalSection
	GlobalSection(SolutionProperties) = preSolution
		HideSolutionNode = FALSE
	EndGlobalSection
EndGlobal
